// !$*UTF8*$!
{
	archiveVersion = 1;
	classes = {
	};
	objectVersion = 46;
	objects = {

/* Begin PBXBuildFile section */
		8F3EADF41AAEAA9D0047FB4E /* AppDelegate.swift in Sources */ = {isa = PBXBuildFile; fileRef = 8F3EADF31AAEAA9D0047FB4E /* AppDelegate.swift */; };
		8F3EADF61AAEAA9D0047FB4E /* ViewController.swift in Sources */ = {isa = PBXBuildFile; fileRef = 8F3EADF51AAEAA9D0047FB4E /* ViewController.swift */; };
		8F3EADF91AAEAA9D0047FB4E /* Main.storyboard in Resources */ = {isa = PBXBuildFile; fileRef = 8F3EADF71AAEAA9D0047FB4E /* Main.storyboard */; };
		8F3EADFB1AAEAA9D0047FB4E /* Images.xcassets in Resources */ = {isa = PBXBuildFile; fileRef = 8F3EADFA1AAEAA9D0047FB4E /* Images.xcassets */; };
		8F3EADFE1AAEAA9D0047FB4E /* LaunchScreen.xib in Resources */ = {isa = PBXBuildFile; fileRef = 8F3EADFC1AAEAA9D0047FB4E /* LaunchScreen.xib */; };
		8F3EAE0A1AAEAA9D0047FB4E /* mySTCalculatorTests.swift in Sources */ = {isa = PBXBuildFile; fileRef = 8F3EAE091AAEAA9D0047FB4E /* mySTCalculatorTests.swift */; };
		8F98D6CA1ABF9F0700491D91 /* CaculatorBrain.swift in Sources */ = {isa = PBXBuildFile; fileRef = 8F98D6C91ABF9F0700491D91 /* CaculatorBrain.swift */; };
/* End PBXBuildFile section */

/* Begin PBXContainerItemProxy section */
		8F3EAE041AAEAA9D0047FB4E /* PBXContainerItemProxy */ = {
			isa = PBXContainerItemProxy;
			containerPortal = 8F3EADE61AAEAA9D0047FB4E /* Project object */;
			proxyType = 1;
			remoteGlobalIDString = 8F3EADED1AAEAA9D0047FB4E;
			remoteInfo = mySTCalculator;
		};
/* End PBXContainerItemProxy section */

/* Begin PBXFileReference section */
		8F3EADEE1AAEAA9D0047FB4E /* mySTCalculator.app */ = {isa = PBXFileReference; explicitFileType = wrapper.application; includeInIndex = 0; path = mySTCalculator.app; sourceTree = BUILT_PRODUCTS_DIR; };
		8F3EADF21AAEAA9D0047FB4E /* Info.plist */ = {isa = PBXFileReference; lastKnownFileType = text.plist.xml; path = Info.plist; sourceTree = "<group>"; };
		8F3EADF31AAEAA9D0047FB4E /* AppDelegate.swift */ = {isa = PBXFileReference; lastKnownFileType = sourcecode.swift; path = AppDelegate.swift; sourceTree = "<group>"; };
		8F3EADF51AAEAA9D0047FB4E /* ViewController.swift */ = {isa = PBXFileReference; lastKnownFileType = sourcecode.swift; path = ViewController.swift; sourceTree = "<group>"; };
		8F3EADF81AAEAA9D0047FB4E /* Base */ = {isa = PBXFileReference; lastKnownFileType = file.storyboard; name = Base; path = Base.lproj/Main.storyboard; sourceTree = "<group>"; };
		8F3EADFA1AAEAA9D0047FB4E /* Images.xcassets */ = {isa = PBXFileReference; lastKnownFileType = folder.assetcatalog; path = Images.xcassets; sourceTree = "<group>"; };
		8F3EADFD1AAEAA9D0047FB4E /* Base */ = {isa = PBXFileReference; lastKnownFileType = file.xib; name = Base; path = Base.lproj/LaunchScreen.xib; sourceTree = "<group>"; };
		8F3EAE031AAEAA9D0047FB4E /* mySTCalculatorTests.xctest */ = {isa = PBXFileReference; explicitFileType = wrapper.cfbundle; includeInIndex = 0; path = mySTCalculatorTests.xctest; sourceTree = BUILT_PRODUCTS_DIR; };
		8F3EAE081AAEAA9D0047FB4E /* Info.plist */ = {isa = PBXFileReference; lastKnownFileType = text.plist.xml; path = Info.plist; sourceTree = "<group>"; };
		8F3EAE091AAEAA9D0047FB4E /* mySTCalculatorTests.swift */ = {isa = PBXFileReference; lastKnownFileType = sourcecode.swift; path = mySTCalculatorTests.swift; sourceTree = "<group>"; };
		8F98D6C91ABF9F0700491D91 /* CaculatorBrain.swift */ = {isa = PBXFileReference; fileEncoding = 4; lastKnownFileType = sourcecode.swift; path = CaculatorBrain.swift; sourceTree = "<group>"; };
/* End PBXFileReference section */

/* Begin PBXFrameworksBuildPhase section */
		8F3EADEB1AAEAA9D0047FB4E /* Frameworks */ = {
			isa = PBXFrameworksBuildPhase;
			buildActionMask = 2147483647;
			files = (
			);
			runOnlyForDeploymentPostprocessing = 0;
		};
		8F3EAE001AAEAA9D0047FB4E /* Frameworks */ = {
			isa = PBXFrameworksBuildPhase;
			buildActionMask = 2147483647;
			files = (
			);
			runOnlyForDeploymentPostprocessing = 0;
		};
/* End PBXFrameworksBuildPhase section */

/* Begin PBXGroup section */
		8F3EADE51AAEAA9D0047FB4E = {
			isa = PBXGroup;
			children = (
				8F3EADF01AAEAA9D0047FB4E /* mySTCalculator */,
				8F3EAE061AAEAA9D0047FB4E /* mySTCalculatorTests */,
				8F3EADEF1AAEAA9D0047FB4E /* Products */,
			);
			sourceTree = "<group>";
		};
		8F3EADEF1AAEAA9D0047FB4E /* Products */ = {
			isa = PBXGroup;
			children = (
				8F3EADEE1AAEAA9D0047FB4E /* mySTCalculator.app */,
				8F3EAE031AAEAA9D0047FB4E /* mySTCalculatorTests.xctest */,
			);
			name = Products;
			sourceTree = "<group>";
		};
		8F3EADF01AAEAA9D0047FB4E /* mySTCalculator */ = {
			isa = PBXGroup;
			children = (
				8F3EADF31AAEAA9D0047FB4E /* AppDelegate.swift */,
				8F98D6C91ABF9F0700491D91 /* CaculatorBrain.swift */,
				8F3EADF51AAEAA9D0047FB4E /* ViewController.swift */,
				8F3EADF71AAEAA9D0047FB4E /* Main.storyboard */,
				8F3EADFA1AAEAA9D0047FB4E /* Images.xcassets */,
				8F3EADFC1AAEAA9D0047FB4E /* LaunchScreen.xib */,
				8F3EADF11AAEAA9D0047FB4E /* Supporting Files */,
			);
			path = mySTCalculator;
			sourceTree = "<group>";
		};
		8F3EADF11AAEAA9D0047FB4E /* Supporting Files */ = {
			isa = PBXGroup;
			children = (
				8F3EADF21AAEAA9D0047FB4E /* Info.plist */,
			);
			name = "Supporting Files";
			sourceTree = "<group>";
		};
		8F3EAE061AAEAA9D0047FB4E /* mySTCalculatorTests */ = {
			isa = PBXGroup;
			children = (
				8F3EAE091AAEAA9D0047FB4E /* mySTCalculatorTests.swift */,
				8F3EAE071AAEAA9D0047FB4E /* Supporting Files */,
			);
			path = mySTCalculatorTests;
			sourceTree = "<group>";
		};
		8F3EAE071AAEAA9D0047FB4E /* Supporting Files */ = {
			isa = PBXGroup;
			children = (
				8F3EAE081AAEAA9D0047FB4E /* Info.plist */,
			);
			name = "Supporting Files";
			sourceTree = "<group>";
		};
/* End PBXGroup section */

/* Begin PBXNativeTarget section */
		8F3EADED1AAEAA9D0047FB4E /* mySTCalculator */ = {
			isa = PBXNativeTarget;
			buildConfigurationList = 8F3EAE0D1AAEAA9D0047FB4E /* Build configuration list for PBXNativeTarget "mySTCalculator" */;
			buildPhases = (
				8F3EADEA1AAEAA9D0047FB4E /* Sources */,
				8F3EADEB1AAEAA9D0047FB4E /* Frameworks */,
				8F3EADEC1AAEAA9D0047FB4E /* Resources */,
			);
			buildRules = (
			);
			dependencies = (
			);
			name = mySTCalculator;
			productName = mySTCalculator;
			productReference = 8F3EADEE1AAEAA9D0047FB4E /* mySTCalculator.app */;
			productType = "com.apple.product-type.application";
		};
		8F3EAE021AAEAA9D0047FB4E /* mySTCalculatorTests */ = {
			isa = PBXNativeTarget;
			buildConfigurationList = 8F3EAE101AAEAA9D0047FB4E /* Build configuration list for PBXNativeTarget "mySTCalculatorTests" */;
			buildPhases = (
				8F3EADFF1AAEAA9D0047FB4E /* Sources */,
				8F3EAE001AAEAA9D0047FB4E /* Frameworks */,
				8F3EAE011AAEAA9D0047FB4E /* Resources */,
			);
			buildRules = (
			);
			dependencies = (
				8F3EAE051AAEAA9D0047FB4E /* PBXTargetDependency */,
			);
			name = mySTCalculatorTests;
			productName = mySTCalculatorTests;
			productReference = 8F3EAE031AAEAA9D0047FB4E /* mySTCalculatorTests.xctest */;
			productType = "com.apple.product-type.bundle.unit-test";
		};
/* End PBXNativeTarget section */

/* Begin PBXProject section */
		8F3EADE61AAEAA9D0047FB4E /* Project object */ = {
			isa = PBXProject;
			attributes = {
				LastUpgradeCheck = 0620;
				ORGANIZATIONNAME = "Cindy Z";
				TargetAttributes = {
					8F3EADED1AAEAA9D0047FB4E = {
						CreatedOnToolsVersion = 6.2;
					};
					8F3EAE021AAEAA9D0047FB4E = {
						CreatedOnToolsVersion = 6.2;
						TestTargetID = 8F3EADED1AAEAA9D0047FB4E;
					};
				};
			};
			buildConfigurationList = 8F3EADE91AAEAA9D0047FB4E /* Build configuration list for PBXProject "mySTCalculator" */;
			compatibilityVersion = "Xcode 3.2";
			developmentRegion = English;
			hasScannedForEncodings = 0;
			knownRegions = (
				en,
				Base,
			);
			mainGroup = 8F3EADE51AAEAA9D0047FB4E;
			productRefGroup = 8F3EADEF1AAEAA9D0047FB4E /* Products */;
			projectDirPath = "";
			projectRoot = "";
			targets = (
				8F3EADED1AAEAA9D0047FB4E /* mySTCalculator */,
				8F3EAE021AAEAA9D0047FB4E /* mySTCalculatorTests */,
			);
		};
/* End PBXProject section */

/* Begin PBXResourcesBuildPhase section */
		8F3EADEC1AAEAA9D0047FB4E /* Resources */ = {
			isa = PBXResourcesBuildPhase;
			buildActionMask = 2147483647;
			files = (
				8F3EADF91AAEAA9D0047FB4E /* Main.storyboard in Resources */,
				8F3EADFE1AAEAA9D0047FB4E /* LaunchScreen.xib in Resources */,
				8F3EADFB1AAEAA9D0047FB4E /* Images.xcassets in Resources */,
			);
			runOnlyForDeploymentPostprocessing = 0;
		};
		8F3EAE011AAEAA9D0047FB4E /* Resources */ = {
			isa = PBXResourcesBuildPhase;
			buildActionMask = 2147483647;
			files = (
			);
			runOnlyForDeploymentPostprocessing = 0;
		};
/* End PBXResourcesBuildPhase section */

/* Begin PBXSourcesBuildPhase section */
		8F3EADEA1AAEAA9D0047FB4E /* Sources */ = {
			isa = PBXSourcesBuildPhase;
			buildActionMask = 2147483647;
			files = (
				8F98D6CA1ABF9F0700491D91 /* CaculatorBrain.swift in Sources */,
				8F3EADF61AAEAA9D0047FB4E /* ViewController.swift in Sources */,
				8F3EADF41AAEAA9D0047FB4E /* AppDelegate.swift in Sources */,
			);
			runOnlyForDeploymentPostprocessing = 0;
		};
		8F3EADFF1AAEAA9D0047FB4E /* Sources */ = {
			isa = PBXSourcesBuildPhase;
			buildActionMask = 2147483647;
			files = (
				8F3EAE0A1AAEAA9D0047FB4E /* mySTCalculatorTests.swift in Sources */,
			);
			runOnlyForDeploymentPostprocessing = 0;
		};
/* End PBXSourcesBuildPhase section */

/* Begin PBXTargetDependency section */
		8F3EAE051AAEAA9D0047FB4E /* PBXTargetDependency */ = {
			isa = PBXTargetDependency;
			target = 8F3EADED1AAEAA9D0047FB4E /* mySTCalculator */;
			targetProxy = 8F3EAE041AAEAA9D0047FB4E /* PBXContainerItemProxy */;
		};
/* End PBXTargetDependency section */

/* Begin PBXVariantGroup section */
		8F3EADF71AAEAA9D0047FB4E /* Main.storyboard */ = {
			isa = PBXVariantGroup;
			children = (
				8F3EADF81AAEAA9D0047FB4E /* Base */,
			);
			name = Main.storyboard;
			sourceTree = "<group>";
		};
		8F3EADFC1AAEAA9D0047FB4E /* LaunchScreen.xib */ = {
			isa = PBXVariantGroup;
			children = (
				8F3EADFD1AAEAA9D0047FB4E /* Base */,
			);
			name = LaunchScreen.xib;
			sourceTree = "<group>";
		};
/* End PBXVariantGroup section */

/* Begin XCBuildConfiguration section */
		8F3EAE0B1AAEAA9D0047FB4E /* Debug */ = {
			isa = XCBuildConfiguration;
			buildSettings = {
				ALWAYS_SEARCH_USER_PATHS = NO;
				CLANG_CXX_LANGUAGE_STANDARD = "gnu++0x";
				CLANG_CXX_LIBRARY = "libc++";
				CLANG_ENABLE_MODULES = YES;
				CLANG_ENABLE_OBJC_ARC = YES;
				CLANG_WARN_BOOL_CONVERSION = YES;
				CLANG_WARN_CONSTANT_CONVERSION = YES;
				CLANG_WARN_DIRECT_OBJC_ISA_USAGE = YES_ERROR;
				CLANG_WARN_EMPTY_BODY = YES;
				CLANG_WARN_ENUM_CONVERSION = YES;
				CLANG_WARN_INT_CONVERSION = YES;
				CLANG_WARN_OBJC_ROOT_CLASS = YES_ERROR;
				CLANG_WARN_UNREACHABLE_CODE = YES;
				CLANG_WARN__DUPLICATE_METHOD_MATCH = YES;
				"CODE_SIGN_IDENTITY[sdk=iphoneos*]" = "iPhone Developer";
				COPY_PHASE_STRIP = NO;
				ENABLE_STRICT_OBJC_MSGSEND = YES;
				GCC_C_LANGUAGE_STANDARD = gnu99;
				GCC_DYNAMIC_NO_PIC = NO;
				GCC_OPTIMIZATION_LEVEL = 0;
				GCC_PREPROCESSOR_DEFINITIONS = (
					"DEBUG=1",
					"$(inherited)",
				);
				GCC_SYMBOLS_PRIVATE_EXTERN = NO;
				GCC_WARN_64_TO_32_BIT_CONVERSION = YES;
				GCC_WARN_ABOUT_RETURN_TYPE = YES_ERROR;
				GCC_WARN_UNDECLARED_SELECTOR = YES;
				GCC_WARN_UNINITIALIZED_AUTOS = YES_AGGRESSIVE;
				GCC_WARN_UNUSED_FUNCTION = YES;
				GCC_WARN_UNUSED_VARIABLE = YES;
				IPHONEOS_DEPLOYMENT_TARGET = 8.2;
				MTL_ENABLE_DEBUG_INFO = YES;
				ONLY_ACTIVE_ARCH = YES;
				SDKROOT = iphoneos;
				SWIFT_OPTIMIZATION_LEVEL = "-Onone";
			};
			name = Debug;
		};
		8F3EAE0C1AAEAA9D0047FB4E /* Release */ = {
			isa = XCBuildConfiguration;
			buildSettings = {
				ALWAYS_SEARCH_USER_PATHS = NO;
				CLANG_CXX_LANGUAGE_STANDARD = "gnu++0x";
				CLANG_CXX_LIBRARY = "libc++";
				CLANG_ENABLE_MODULES = YES;
				CLANG_ENABLE_OBJC_ARC = YES;
				CLANG_WARN_BOOL_CONVERSION = YES;
				CLANG_WARN_CONSTANT_CONVERSION = YES;
				CLANG_WARN_DIRECT_OBJC_ISA_USAGE = YES_ERROR;
				CLANG_WARN_EMPTY_BODY = YES;
				CLANG_WARN_ENUM_CONVERSION = YES;
				CLANG_WARN_INT_CONVERSION = YES;
				CLANG_WARN_OBJC_ROOT_CLASS = YES_ERROR;
				CLANG_WARN_UNREACHABLE_CODE = YES;
				CLANG_WARN__DUPLICATE_METHOD_MATCH = YES;
				"CODE_SIGN_IDENTITY[sdk=iphoneos*]" = "iPhone Developer";
				COPY_PHASE_STRIP = YES;
				ENABLE_NS_ASSERTIONS = NO;
				ENABLE_STRICT_OBJC_MSGSEND = YES;
				GCC_C_LANGUAGE_STANDARD = gnu99;
				GCC_WARN_64_TO_32_BIT_CONVERSION = YES;
				GCC_WARN_ABOUT_RETURN_TYPE = YES_ERROR;
				GCC_WARN_UNDECLARED_SELECTOR = YES;
				GCC_WARN_UNINITIALIZED_AUTOS = YES_AGGRESSIVE;
				GCC_WARN_UNUSED_FUNCTION = YES;
				GCC_WARN_UNUSED_VARIABLE = YES;
				IPHONEOS_DEPLOYMENT_TARGET = 8.2;
				MTL_ENABLE_DEBUG_INFO = NO;
				SDKROOT = iphoneos;
				VALIDATE_PRODUCT = YES;
			};
			name = Release;
		};
		8F3EAE0E1AAEAA9D0047FB4E /* Debug */ = {
			isa = XCBuildConfiguration;
			buildSettings = {
				ASSETCATALOG_COMPILER_APPICON_NAME = AppIcon;
				INFOPLIST_FILE = mySTCalculator/Info.plist;
				LD_RUNPATH_SEARCH_PATHS = "$(inherited) @executable_path/Frameworks";
				PRODUCT_NAME = "$(TARGET_NAME)";
			};
			name = Debug;
		};
		8F3EAE0F1AAEAA9D0047FB4E /* Release */ = {
			isa = XCBuildConfiguration;
			buildSettings = {
				ASSETCATALOG_COMPILER_APPICON_NAME = AppIcon;
				INFOPLIST_FILE = mySTCalculator/Info.plist;
				LD_RUNPATH_SEARCH_PATHS = "$(inherited) @executable_path/Frameworks";
				PRODUCT_NAME = "$(TARGET_NAME)";
			};
			name = Release;
		};
		8F3EAE111AAEAA9D0047FB4E /* Debug */ = {
			isa = XCBuildConfiguration;
			buildSettings = {
				BUNDLE_LOADER = "$(TEST_HOST)";
				FRAMEWORK_SEARCH_PATHS = (
					"$(SDKROOT)/Developer/Library/Frameworks",
					"$(inherited)",
				);
				GCC_PREPROCESSOR_DEFINITIONS = (
					"DEBUG=1",
					"$(inherited)",
				);
				INFOPLIST_FILE = mySTCalculatorTests/Info.plist;
				LD_RUNPATH_SEARCH_PATHS = "$(inherited) @executable_path/Frameworks @loader_path/Frameworks";
				PRODUCT_NAME = "$(TARGET_NAME)";
				TEST_HOST = "$(BUILT_PRODUCTS_DIR)/mySTCalculator.app/mySTCalculator";
			};
			name = Debug;
		};
		8F3EAE121AAEAA9D0047FB4E /* Release */ = {
			isa = XCBuildConfiguration;
			buildSettings = {
				BUNDLE_LOADER = "$(TEST_HOST)";
				FRAMEWORK_SEARCH_PATHS = (
					"$(SDKROOT)/Developer/Library/Frameworks",
					"$(inherited)",
				);
				INFOPLIST_FILE = mySTCalculatorTests/Info.plist;
				LD_RUNPATH_SEARCH_PATHS = "$(inherited) @executable_path/Frameworks @loader_path/Frameworks";
				PRODUCT_NAME = "$(TARGET_NAME)";
				TEST_HOST = "$(BUILT_PRODUCTS_DIR)/mySTCalculator.app/mySTCalculator";
			};
			name = Release;
		};
/* End XCBuildConfiguration section */

/* Begin XCConfigurationList section */
		8F3EADE91AAEAA9D0047FB4E /* Build configuration list for PBXProject "mySTCalculator" */ = {
			isa = XCConfigurationList;
			buildConfigurations = (
				8F3EAE0B1AAEAA9D0047FB4E /* Debug */,
				8F3EAE0C1AAEAA9D0047FB4E /* Release */,
			);
			defaultConfigurationIsVisible = 0;
			defaultConfigurationName = Release;
		};
		8F3EAE0D1AAEAA9D0047FB4E /* Build configuration list for PBXNativeTarget "mySTCalculator" */ = {
			isa = XCConfigurationList;
			buildConfigurations = (
				8F3EAE0E1AAEAA9D0047FB4E /* Debug */,
				8F3EAE0F1AAEAA9D0047FB4E /* Release */,
			);
			defaultConfigurationIsVisible = 0;
			defaultConfigurationName = Release;
		};
		8F3EAE101AAEAA9D0047FB4E /* Build configuration list for PBXNativeTarget "mySTCalculatorTests" */ = {
			isa = XCConfigurationList;
			buildConfigurations = (
				8F3EAE111AAEAA9D0047FB4E /* Debug */,
				8F3EAE121AAEAA9D0047FB4E /* Release */,
			);
			defaultConfigurationIsVisible = 0;
			defaultConfigurationName = Release;
		};
/* End XCConfigurationList section */
	};
	rootObject = 8F3EADE61AAEAA9D0047FB4E /* Project object */;
}
